# This file is automatically @generated by Cargo.
# It is not intended for manual editing.
version = 4

[[package]]
name = "b10x-intake-cli"
version = "0.0.0"

[[package]]
name = "b10x-intake-model"
version = "0.0.0"

[[package]]
name = "b10x-intake-references"
version = "0.0.0"

[[package]]
name = "b10x-intake-router"
version = "0.0.0"

[[package]]
name = "b10x-intake-slice"
version = "0.0.0"
